
Microsoft Visual Studio Solution File, Format Version 12.00
# Visual Studio Version 16
VisualStudioVersion = 16.0.29806.167
MinimumVisualStudioVersion = 10.0.40219.1
Project("{FAE04EC0-301F-11D3-BF4B-00C04F79EFBC}") = "Core.WebAplication", "Core.WebAplication\Core.WebAplication.csproj", "{C322E019-5554-452B-ABFD-C8EC4B6856DB}"
EndProject
Project("{FAE04EC0-301F-11D3-BF4B-00C04F79EFBC}") = "Core.Common", "Core.Common\Core.Common.csproj", "{FC14AAE2-F9EA-4586-9F20-7628F525F015}"
EndProject
Project("{FAE04EC0-301F-11D3-BF4B-00C04F79EFBC}") = "Core.Business", "Core.Business\Core.Business.csproj", "{95A966D6-D5C1-48F1-9263-BE3445F9E04C}"
EndProject
Project("{FAE04EC0-301F-11D3-BF4B-00C04F79EFBC}") = "Core.Models", "Core.Model\Core.Models.csproj", "{93EFD5E3-CE4D-4D5D-94DE-3F20E70050B9}"
EndProject
Project("{FAE04EC0-301F-11D3-BF4B-00C04F79EFBC}") = "Core.Repository", "Core.Repository\Core.Repository.csproj", "{D104AB1B-5291-42BD-803E-2D45CD506815}"
EndProject
Project("{2150E333-8FDC-42A3-9474-1A3956D46DE8}") = "Logs", "Logs", "{8A55289F-1645-4E41-8D25-9CD932089B82}"
	ProjectSection(SolutionItems) = preProject
		Readme.md = Readme.md
	EndProjectSection
EndProject
Project("{FAE04EC0-301F-11D3-BF4B-00C04F79EFBC}") = "Core.Extension", "Core.Extension\Core.Extension.csproj", "{5D0BACC6-AE61-4265-8F46-E142CD5E24B7}"
EndProject
Global
	GlobalSection(SolutionConfigurationPlatforms) = preSolution
		Debug|Any CPU = Debug|Any CPU
		Release|Any CPU = Release|Any CPU
	EndGlobalSection
	GlobalSection(ProjectConfigurationPlatforms) = postSolution
		{C322E019-5554-452B-ABFD-C8EC4B6856DB}.Debug|Any CPU.ActiveCfg = Debug|Any CPU
		{C322E019-5554-452B-ABFD-C8EC4B6856DB}.Debug|Any CPU.Build.0 = Debug|Any CPU
		{C322E019-5554-452B-ABFD-C8EC4B6856DB}.Release|Any CPU.ActiveCfg = Release|Any CPU
		{C322E019-5554-452B-ABFD-C8EC4B6856DB}.Release|Any CPU.Build.0 = Release|Any CPU
		{FC14AAE2-F9EA-4586-9F20-7628F525F015}.Debug|Any CPU.ActiveCfg = Debug|Any CPU
		{FC14AAE2-F9EA-4586-9F20-7628F525F015}.Debug|Any CPU.Build.0 = Debug|Any CPU
		{FC14AAE2-F9EA-4586-9F20-7628F525F015}.Release|Any CPU.ActiveCfg = Release|Any CPU
		{FC14AAE2-F9EA-4586-9F20-7628F525F015}.Release|Any CPU.Build.0 = Release|Any CPU
		{95A966D6-D5C1-48F1-9263-BE3445F9E04C}.Debug|Any CPU.ActiveCfg = Debug|Any CPU
		{95A966D6-D5C1-48F1-9263-BE3445F9E04C}.Debug|Any CPU.Build.0 = Debug|Any CPU
		{95A966D6-D5C1-48F1-9263-BE3445F9E04C}.Release|Any CPU.ActiveCfg = Release|Any CPU
		{95A966D6-D5C1-48F1-9263-BE3445F9E04C}.Release|Any CPU.Build.0 = Release|Any CPU
		{93EFD5E3-CE4D-4D5D-94DE-3F20E70050B9}.Debug|Any CPU.ActiveCfg = Debug|Any CPU
		{93EFD5E3-CE4D-4D5D-94DE-3F20E70050B9}.Debug|Any CPU.Build.0 = Debug|Any CPU
		{93EFD5E3-CE4D-4D5D-94DE-3F20E70050B9}.Release|Any CPU.ActiveCfg = Release|Any CPU
		{93EFD5E3-CE4D-4D5D-94DE-3F20E70050B9}.Release|Any CPU.Build.0 = Release|Any CPU
		{D104AB1B-5291-42BD-803E-2D45CD506815}.Debug|Any CPU.ActiveCfg = Debug|Any CPU
		{D104AB1B-5291-42BD-803E-2D45CD506815}.Debug|Any CPU.Build.0 = Debug|Any CPU
		{D104AB1B-5291-42BD-803E-2D45CD506815}.Release|Any CPU.ActiveCfg = Release|Any CPU
		{D104AB1B-5291-42BD-803E-2D45CD506815}.Release|Any CPU.Build.0 = Release|Any CPU
		{5D0BACC6-AE61-4265-8F46-E142CD5E24B7}.Debug|Any CPU.ActiveCfg = Debug|Any CPU
		{5D0BACC6-AE61-4265-8F46-E142CD5E24B7}.Debug|Any CPU.Build.0 = Debug|Any CPU
		{5D0BACC6-AE61-4265-8F46-E142CD5E24B7}.Release|Any CPU.ActiveCfg = Release|Any CPU
		{5D0BACC6-AE61-4265-8F46-E142CD5E24B7}.Release|Any CPU.Build.0 = Release|Any CPU
	EndGlobalSection
	GlobalSection(SolutionProperties) = preSolution
		HideSolutionNode = FALSE
	EndGlobalSection
	GlobalSection(ExtensibilityGlobals) = postSolution
		SolutionGuid = {2A91341E-1B11-4A3A-8DB9-55EF3DF0C077}
	EndGlobalSection
EndGlobal
